
Microsoft Visual Studio Solution File, Format Version 12.00
# Visual Studio Version 17
VisualStudioVersion = 17.11.35327.3
MinimumVisualStudioVersion = 10.0.40219.1
Project("{9A19103F-16F7-4668-BE54-9A1E7A4F7556}") = "HPM-System", "HPM-System\HPM-System.csproj", "{CDE6B3B1-B051-4F5E-BB9C-8D28433C5311}"
EndProject
Project("{9A19103F-16F7-4668-BE54-9A1E7A4F7556}") = "HPM-System.IdentityServer", "HPM-System.IdentityServer\HPM-System.IdentityServer.csproj", "{B78D6278-F5D2-4252-8156-C9D4487F849F}"
EndProject
Project("{E53339B2-1760-4266-BCC7-CA923CBCF16C}") = "docker-compose", "docker-compose.dcproj", "{81DDED9D-158B-E303-5F62-77A2896D2A5A}"
EndProject
Project("{9A19103F-16F7-4668-BE54-9A1E7A4F7556}") = "HPM-System.UserService", "HPM-System.UserService\HPM-System.UserService.csproj", "{A326260A-8AAF-B9E4-71C8-E8487A0E2229}"
EndProject
Project("{9A19103F-16F7-4668-BE54-9A1E7A4F7556}") = "HPM-System.ApartmentService", "HPM-System.ApartmentService\HPM-System.ApartmentService.csproj", "{F0D484DB-DAED-60DB-4033-2803CAD01534}"
EndProject
Project("{FAE04EC0-301F-11D3-BF4B-00C04F79EFBC}") = "Gateway", "Gateway\Gateway.csproj", "{DBA780A5-6B30-4020-9AA5-7CA40FEA3130}"
EndProject
Project("{FAE04EC0-301F-11D3-BF4B-00C04F79EFBC}") = "HPM-System.NotificationService", "HPM-System.NotificationService\HPM-System.NotificationService.csproj", "{DEB489F6-45CE-4F49-B8E4-CF43CA583606}"
EndProject
Project("{FAE04EC0-301F-11D3-BF4B-00C04F79EFBC}") = "HPM-System.FileStorageService", "HPM-System.FileStorageService\HPM-System.FileStorageService.csproj", "{633524B0-2365-E9A9-2249-D1A76B94BA42}"
EndProject
Global
	GlobalSection(SolutionConfigurationPlatforms) = preSolution
		Debug|Any CPU = Debug|Any CPU
		Release|Any CPU = Release|Any CPU
	EndGlobalSection
	GlobalSection(ProjectConfigurationPlatforms) = postSolution
		{CDE6B3B1-B051-4F5E-BB9C-8D28433C5311}.Debug|Any CPU.ActiveCfg = Debug|Any CPU
		{CDE6B3B1-B051-4F5E-BB9C-8D28433C5311}.Debug|Any CPU.Build.0 = Debug|Any CPU
		{CDE6B3B1-B051-4F5E-BB9C-8D28433C5311}.Release|Any CPU.ActiveCfg = Release|Any CPU
		{CDE6B3B1-B051-4F5E-BB9C-8D28433C5311}.Release|Any CPU.Build.0 = Release|Any CPU
		{B78D6278-F5D2-4252-8156-C9D4487F849F}.Debug|Any CPU.ActiveCfg = Debug|Any CPU
		{B78D6278-F5D2-4252-8156-C9D4487F849F}.Debug|Any CPU.Build.0 = Debug|Any CPU
		{B78D6278-F5D2-4252-8156-C9D4487F849F}.Release|Any CPU.ActiveCfg = Release|Any CPU
		{B78D6278-F5D2-4252-8156-C9D4487F849F}.Release|Any CPU.Build.0 = Release|Any CPU
		{81DDED9D-158B-E303-5F62-77A2896D2A5A}.Debug|Any CPU.ActiveCfg = Debug|Any CPU
		{81DDED9D-158B-E303-5F62-77A2896D2A5A}.Debug|Any CPU.Build.0 = Debug|Any CPU
		{81DDED9D-158B-E303-5F62-77A2896D2A5A}.Release|Any CPU.ActiveCfg = Release|Any CPU
		{81DDED9D-158B-E303-5F62-77A2896D2A5A}.Release|Any CPU.Build.0 = Release|Any CPU
		{A326260A-8AAF-B9E4-71C8-E8487A0E2229}.Debug|Any CPU.ActiveCfg = Debug|Any CPU
		{A326260A-8AAF-B9E4-71C8-E8487A0E2229}.Debug|Any CPU.Build.0 = Debug|Any CPU
		{A326260A-8AAF-B9E4-71C8-E8487A0E2229}.Release|Any CPU.ActiveCfg = Release|Any CPU
		{A326260A-8AAF-B9E4-71C8-E8487A0E2229}.Release|Any CPU.Build.0 = Release|Any CPU
		{F0D484DB-DAED-60DB-4033-2803CAD01534}.Debug|Any CPU.ActiveCfg = Debug|Any CPU
		{F0D484DB-DAED-60DB-4033-2803CAD01534}.Debug|Any CPU.Build.0 = Debug|Any CPU
		{F0D484DB-DAED-60DB-4033-2803CAD01534}.Release|Any CPU.ActiveCfg = Release|Any CPU
		{F0D484DB-DAED-60DB-4033-2803CAD01534}.Release|Any CPU.Build.0 = Release|Any CPU
		{DBA780A5-6B30-4020-9AA5-7CA40FEA3130}.Debug|Any CPU.ActiveCfg = Debug|Any CPU
		{DBA780A5-6B30-4020-9AA5-7CA40FEA3130}.Debug|Any CPU.Build.0 = Debug|Any CPU
		{DBA780A5-6B30-4020-9AA5-7CA40FEA3130}.Release|Any CPU.ActiveCfg = Release|Any CPU
		{DBA780A5-6B30-4020-9AA5-7CA40FEA3130}.Release|Any CPU.Build.0 = Release|Any CPU
		{DEB489F6-45CE-4F49-B8E4-CF43CA583606}.Debug|Any CPU.ActiveCfg = Debug|Any CPU
		{DEB489F6-45CE-4F49-B8E4-CF43CA583606}.Debug|Any CPU.Build.0 = Debug|Any CPU
		{DEB489F6-45CE-4F49-B8E4-CF43CA583606}.Release|Any CPU.ActiveCfg = Release|Any CPU
		{DEB489F6-45CE-4F49-B8E4-CF43CA583606}.Release|Any CPU.Build.0 = Release|Any CPU
		{633524B0-2365-E9A9-2249-D1A76B94BA42}.Debug|Any CPU.ActiveCfg = Debug|Any CPU
		{633524B0-2365-E9A9-2249-D1A76B94BA42}.Debug|Any CPU.Build.0 = Debug|Any CPU
		{633524B0-2365-E9A9-2249-D1A76B94BA42}.Release|Any CPU.ActiveCfg = Release|Any CPU
		{633524B0-2365-E9A9-2249-D1A76B94BA42}.Release|Any CPU.Build.0 = Release|Any CPU
	EndGlobalSection
	GlobalSection(SolutionProperties) = preSolution
		HideSolutionNode = FALSE
	EndGlobalSection
	GlobalSection(ExtensibilityGlobals) = postSolution
		SolutionGuid = {54C34D40-0B90-4801-9142-C2AEAA67BC79}
	EndGlobalSection
EndGlobal
