
Microsoft Visual Studio Solution File, Format Version 12.00
# Visual Studio Version 17
VisualStudioVersion = 17.11.35327.3
MinimumVisualStudioVersion = 10.0.40219.1
Project("{FAE04EC0-301F-11D3-BF4B-00C04F79EFBC}") = "HPM-System", "HPM-System\HPM-System.csproj", "{CDE6B3B1-B051-4F5E-BB9C-8D28433C5311}"
EndProject
Global
	GlobalSection(SolutionConfigurationPlatforms) = preSolution
		Debug|Any CPU = Debug|Any CPU
		Release|Any CPU = Release|Any CPU
	EndGlobalSection
	GlobalSection(ProjectConfigurationPlatforms) = postSolution
		{CDE6B3B1-B051-4F5E-BB9C-8D28433C5311}.Debug|Any CPU.ActiveCfg = Debug|Any CPU
		{CDE6B3B1-B051-4F5E-BB9C-8D28433C5311}.Debug|Any CPU.Build.0 = Debug|Any CPU
		{CDE6B3B1-B051-4F5E-BB9C-8D28433C5311}.Release|Any CPU.ActiveCfg = Release|Any CPU
		{CDE6B3B1-B051-4F5E-BB9C-8D28433C5311}.Release|Any CPU.Build.0 = Release|Any CPU
	EndGlobalSection
	GlobalSection(SolutionProperties) = preSolution
		HideSolutionNode = FALSE
	EndGlobalSection
	GlobalSection(ExtensibilityGlobals) = postSolution
		SolutionGuid = {54C34D40-0B90-4801-9142-C2AEAA67BC79}
	EndGlobalSection
EndGlobal
