
Microsoft Visual Studio Solution File, Format Version 12.00
# Visual Studio Version 17
VisualStudioVersion = 17.14.36603.0
MinimumVisualStudioVersion = 10.0.40219.1
Project("{FAE04EC0-301F-11D3-BF4B-00C04F79EFBC}") = "FileStorageService", "FileStorageService.csproj", "{4FBC531F-C32A-408A-A5C4-CA60C32ED925}"
EndProject
Global
	GlobalSection(SolutionConfigurationPlatforms) = preSolution
		Debug|Any CPU = Debug|Any CPU
		Release|Any CPU = Release|Any CPU
	EndGlobalSection
	GlobalSection(ProjectConfigurationPlatforms) = postSolution
		{4FBC531F-C32A-408A-A5C4-CA60C32ED925}.Debug|Any CPU.ActiveCfg = Debug|Any CPU
		{4FBC531F-C32A-408A-A5C4-CA60C32ED925}.Debug|Any CPU.Build.0 = Debug|Any CPU
		{4FBC531F-C32A-408A-A5C4-CA60C32ED925}.Release|Any CPU.ActiveCfg = Release|Any CPU
		{4FBC531F-C32A-408A-A5C4-CA60C32ED925}.Release|Any CPU.Build.0 = Release|Any CPU
	EndGlobalSection
	GlobalSection(SolutionProperties) = preSolution
		HideSolutionNode = FALSE
	EndGlobalSection
	GlobalSection(ExtensibilityGlobals) = postSolution
		SolutionGuid = {C7B32554-57E4-4549-BA86-0C8E7A0C4602}
	EndGlobalSection
EndGlobal
